{
  "name": "client",
  "version": "0.1.0",
  "lockfileVersion": 1,
  "requires": true,
  "dependencies": {
    "vue-multiselect": {
      "version": "2.1.6",
      "resolved": "https://registry.npmjs.org/vue-multiselect/-/vue-multiselect-2.1.6.tgz",
      "integrity": "sha512-s7jmZPlm9FeueJg1RwJtnE9KNPtME/7C8uRWSfp9/yEN4M8XcS/d+bddoyVwVnvFyRh9msFo0HWeW0vTL8Qv+w=="
    }
  }
}
